{
  "version": 4,
  "terraform_version": "1.10.2",
  "serial": 643,
  "lineage": "bb2542ec-f7df-bc11-9171-00411751914d",
  "outputs": {
    "api_endpoint": {
      "value": "https://bk3flmgb03.execute-api.eu-west-1.amazonaws.com/prod/upload",
      "type": "string"
    }
  },
  "resources": [
    {
      "mode": "data",
      "type": "aws_iam_policy_document",
      "name": "assumerole",
      "provider": "provider[\"registry.terraform.io/hashicorp/aws\"]",
      "instances": [
        {
          "schema_version": 0,
          "attributes": {
            "id": "2690255455",
            "json": "{\n  \"Version\": \"2012-10-17\",\n  \"Statement\": [\n    {\n      \"Effect\": \"Allow\",\n      \"Action\": \"sts:AssumeRole\",\n      \"Principal\": {\n        \"Service\": \"lambda.amazonaws.com\"\n      }\n    }\n  ]\n}",
            "minified_json": "{\"Version\":\"2012-10-17\",\"Statement\":[{\"Effect\":\"Allow\",\"Action\":\"sts:AssumeRole\",\"Principal\":{\"Service\":\"lambda.amazonaws.com\"}}]}",
            "override_json": null,
            "override_policy_documents": null,
            "policy_id": null,
            "source_json": null,
            "source_policy_documents": null,
            "statement": [
              {
                "actions": [
                  "sts:AssumeRole"
                ],
                "condition": [],
                "effect": "Allow",
                "not_actions": [],
                "not_principals": [],
                "not_resources": [],
                "principals": [
                  {
                    "identifiers": [
                      "lambda.amazonaws.com"
                    ],
                    "type": "Service"
                  }
                ],
                "resources": [],
                "sid": ""
              }
            ],
            "version": "2012-10-17"
          },
          "sensitive_attributes": []
        }
      ]
    },
    {
      "mode": "data",
      "type": "aws_iam_policy_document",
      "name": "assumerole_ec2",
      "provider": "provider[\"registry.terraform.io/hashicorp/aws\"]",
      "instances": [
        {
          "schema_version": 0,
          "attributes": {
            "id": "2851119427",
            "json": "{\n  \"Version\": \"2012-10-17\",\n  \"Statement\": [\n    {\n      \"Effect\": \"Allow\",\n      \"Action\": \"sts:AssumeRole\",\n      \"Principal\": {\n        \"Service\": \"ec2.amazonaws.com\"\n      }\n    }\n  ]\n}",
            "minified_json": "{\"Version\":\"2012-10-17\",\"Statement\":[{\"Effect\":\"Allow\",\"Action\":\"sts:AssumeRole\",\"Principal\":{\"Service\":\"ec2.amazonaws.com\"}}]}",
            "override_json": null,
            "override_policy_documents": null,
            "policy_id": null,
            "source_json": null,
            "source_policy_documents": null,
            "statement": [
              {
                "actions": [
                  "sts:AssumeRole"
                ],
                "condition": [],
                "effect": "Allow",
                "not_actions": [],
                "not_principals": [],
                "not_resources": [],
                "principals": [
                  {
                    "identifiers": [
                      "ec2.amazonaws.com"
                    ],
                    "type": "Service"
                  }
                ],
                "resources": [],
                "sid": ""
              }
            ],
            "version": "2012-10-17"
          },
          "sensitive_attributes": []
        }
      ]
    },
    {
      "mode": "data",
      "type": "aws_iam_policy_document",
      "name": "s3_permissions",
      "provider": "provider[\"registry.terraform.io/hashicorp/aws\"]",
      "instances": [
        {
          "schema_version": 0,
          "attributes": {
            "id": "1892536193",
            "json": "{\n  \"Version\": \"2012-10-17\",\n  \"Statement\": [\n    {\n      \"Effect\": \"Allow\",\n      \"Action\": [\n        \"s3:PutObject\",\n        \"s3:GetObject\"\n      ],\n      \"Resource\": \"arn:aws:s3:::marabuck/*\"\n    }\n  ]\n}",
            "minified_json": "{\"Version\":\"2012-10-17\",\"Statement\":[{\"Effect\":\"Allow\",\"Action\":[\"s3:PutObject\",\"s3:GetObject\"],\"Resource\":\"arn:aws:s3:::marabuck/*\"}]}",
            "override_json": null,
            "override_policy_documents": null,
            "policy_id": null,
            "source_json": null,
            "source_policy_documents": null,
            "statement": [
              {
                "actions": [
                  "s3:GetObject",
                  "s3:PutObject"
                ],
                "condition": [],
                "effect": "Allow",
                "not_actions": [],
                "not_principals": [],
                "not_resources": [],
                "principals": [],
                "resources": [
                  "arn:aws:s3:::marabuck/*"
                ],
                "sid": ""
              }
            ],
            "version": "2012-10-17"
          },
          "sensitive_attributes": []
        }
      ]
    },
    {
      "mode": "data",
      "type": "aws_iam_policy_document",
      "name": "s3_permissions_ec2",
      "provider": "provider[\"registry.terraform.io/hashicorp/aws\"]",
      "instances": [
        {
          "schema_version": 0,
          "attributes": {
            "id": "3671039272",
            "json": "{\n  \"Version\": \"2012-10-17\",\n  \"Statement\": [\n    {\n      \"Effect\": \"Allow\",\n      \"Action\": \"s3:*\",\n      \"Resource\": [\n        \"arn:aws:s3:::marabuck/*\",\n        \"arn:aws:s3:::marabuck\"\n      ]\n    }\n  ]\n}",
            "minified_json": "{\"Version\":\"2012-10-17\",\"Statement\":[{\"Effect\":\"Allow\",\"Action\":\"s3:*\",\"Resource\":[\"arn:aws:s3:::marabuck/*\",\"arn:aws:s3:::marabuck\"]}]}",
            "override_json": null,
            "override_policy_documents": null,
            "policy_id": null,
            "source_json": null,
            "source_policy_documents": null,
            "statement": [
              {
                "actions": [
                  "s3:*"
                ],
                "condition": [],
                "effect": "Allow",
                "not_actions": [],
                "not_principals": [],
                "not_resources": [],
                "principals": [],
                "resources": [
                  "arn:aws:s3:::marabuck",
                  "arn:aws:s3:::marabuck/*"
                ],
                "sid": ""
              }
            ],
            "version": "2012-10-17"
          },
          "sensitive_attributes": []
        }
      ]
    },
    {
      "mode": "data",
      "type": "template_file",
      "name": "userdata-mara",
      "provider": "provider[\"registry.terraform.io/hashicorp/template\"]",
      "instances": [
        {
          "schema_version": 0,
          "attributes": {
            "filename": null,
            "id": "05ce8e2aa28afed8f84bb2ed5d418c02f0d6a160a4398b0cbba16482aec2f100",
            "rendered": "#!/bin/bash\n\nsudo apt update -y\nsudo apt-get install -y apache2\nsudo systemctl start apache2\nsudo systemctl enable apache2\necho \"Apache2 is installed and started successfully.\"\n\ncurl \"https://awscli.amazonaws.com/awscli-exe-linux-x86_64.zip\" -o \"awscliv2.zip\"\nsudo apt install unzip -y\nsudo unzip awscliv2.zip\nsudo ./aws/install\nsudo rm /var/www/html/index.html\n\necho \"* * * * * root sudo aws s3 sync s3://marabuck /var/www/html\" \u003e\u003e /etc/crontab\necho \"for filename in \\$(ls -1 /var/www/html); do mysql -u remuser -premuser -h 172.31.10.10 -e \\\"USE files; INSERT INTO file (name) VALUES ('\\$filename');\\\"; done\" \u003e /home/ubuntu/sqlInsert.sh\nsudo chmod 755 /home/ubuntu/sqlInsert.sh\necho \"* * * * * root sudo /home/ubuntu/sqlInsert.sh\" \u003e\u003e /etc/crontab\n",
            "template": "#!/bin/bash\n\nsudo apt update -y\nsudo apt-get install -y apache2\nsudo systemctl start apache2\nsudo systemctl enable apache2\necho \"Apache2 is installed and started successfully.\"\n\ncurl \"https://awscli.amazonaws.com/awscli-exe-linux-x86_64.zip\" -o \"awscliv2.zip\"\nsudo apt install unzip -y\nsudo unzip awscliv2.zip\nsudo ./aws/install\nsudo rm /var/www/html/index.html\n\necho \"* * * * * root sudo aws s3 sync s3://marabuck /var/www/html\" \u003e\u003e /etc/crontab\necho \"for filename in \\$(ls -1 /var/www/html); do mysql -u remuser -premuser -h 172.31.10.10 -e \\\"USE files; INSERT INTO file (name) VALUES ('\\$filename');\\\"; done\" \u003e /home/ubuntu/sqlInsert.sh\nsudo chmod 755 /home/ubuntu/sqlInsert.sh\necho \"* * * * * root sudo /home/ubuntu/sqlInsert.sh\" \u003e\u003e /etc/crontab\n",
            "vars": null
          },
          "sensitive_attributes": []
        }
      ]
    },
    {
      "mode": "data",
      "type": "template_file",
      "name": "userdata-mysql-mara",
      "provider": "provider[\"registry.terraform.io/hashicorp/template\"]",
      "instances": [
        {
          "schema_version": 0,
          "attributes": {
            "filename": null,
            "id": "ccb8aa6a4735650d0d874e25d893ae1390ac4e36858e63d767e83b9ab8447722",
            "rendered": "#!/bin/bash\r\n\r\nsudo apt-get update -y\r\nsudo apt-get install -y mysql-server\r\nsudo systemctl start mysql\r\nsudo systemctl enable mysql\r\nsudo mysql -e \"ALTER USER 'root'@'localhost' IDENTIFIED WITH caching_sha2_password BY 'secret'\";\r\necho s/127.0.0.1/172.31.10.10/g \u003e\u003e sed.sed\r\nsudo sed -f sed.sed /etc/mysql/mysql.conf.d/mysqld.cnf -i\r\nsystemctl restart mysql\r\n\r\nsudo mysql -u root -psecret -e \"CREATE USER 'remuser'@'%' IDENTIFIED BY 'remuser';\" \u003e\u003e /home/ubuntu/mysql.sh\r\nsudo mysql -u root -psecret -e  \"GRANT ALL PRIVILEGES ON *.* TO 'remuser'@'%' WITH GRANT OPTION;\" \u003e\u003e /home/ubuntu/mysql.sh\r\nsudo mysql -u root -psecret -e  \"FLUSH PRIVILEGES;\" \u003e\u003e /home/ubuntu/mysql.sh\r\n\r\nsudo mysql -u root -psecret -e \"CREATE DATABASE IF NOT EXISTS files;\"\r\nsleep 10\r\nsudo mysql -u root -psecret -e \"USE files; CREATE TABLE IF NOT EXISTS file (name VARCHAR(255) PRIMARY KEY);\"\r\n",
            "template": "#!/bin/bash\r\n\r\nsudo apt-get update -y\r\nsudo apt-get install -y mysql-server\r\nsudo systemctl start mysql\r\nsudo systemctl enable mysql\r\nsudo mysql -e \"ALTER USER 'root'@'localhost' IDENTIFIED WITH caching_sha2_password BY 'secret'\";\r\necho s/127.0.0.1/172.31.10.10/g \u003e\u003e sed.sed\r\nsudo sed -f sed.sed /etc/mysql/mysql.conf.d/mysqld.cnf -i\r\nsystemctl restart mysql\r\n\r\nsudo mysql -u root -psecret -e \"CREATE USER 'remuser'@'%' IDENTIFIED BY 'remuser';\" \u003e\u003e /home/ubuntu/mysql.sh\r\nsudo mysql -u root -psecret -e  \"GRANT ALL PRIVILEGES ON *.* TO 'remuser'@'%' WITH GRANT OPTION;\" \u003e\u003e /home/ubuntu/mysql.sh\r\nsudo mysql -u root -psecret -e  \"FLUSH PRIVILEGES;\" \u003e\u003e /home/ubuntu/mysql.sh\r\n\r\nsudo mysql -u root -psecret -e \"CREATE DATABASE IF NOT EXISTS files;\"\r\nsleep 10\r\nsudo mysql -u root -psecret -e \"USE files; CREATE TABLE IF NOT EXISTS file (name VARCHAR(255) PRIMARY KEY);\"\r\n",
            "vars": null
          },
          "sensitive_attributes": []
        }
      ]
    },
    {
      "mode": "managed",
      "type": "aws_api_gateway_deployment",
      "name": "upload_deployment",
      "provider": "provider[\"registry.terraform.io/hashicorp/aws\"]",
      "instances": [
        {
          "schema_version": 0,
          "attributes": {
            "canary_settings": [],
            "created_date": "2024-12-20T10:41:29Z",
            "description": "",
            "execution_arn": "arn:aws:execute-api:eu-west-1:329599631476:bk3flmgb03/",
            "id": "6f32aa",
            "invoke_url": "https://bk3flmgb03.execute-api.eu-west-1.amazonaws.com/",
            "rest_api_id": "bk3flmgb03",
            "stage_description": null,
            "stage_name": null,
            "triggers": null,
            "variables": null
          },
          "sensitive_attributes": [],
          "private": "bnVsbA==",
          "dependencies": [
            "aws_api_gateway_integration.upload_integration",
            "aws_api_gateway_method.upload_method",
            "aws_api_gateway_resource.upload_resource",
            "aws_api_gateway_rest_api.upload_api",
            "aws_iam_role.lambda",
            "aws_lambda_function.file_upload_lambda",
            "aws_s3_bucket.maras3bucket",
            "data.aws_iam_policy_document.assumerole"
          ]
        }
      ]
    },
    {
      "mode": "managed",
      "type": "aws_api_gateway_integration",
      "name": "upload_integration",
      "provider": "provider[\"registry.terraform.io/hashicorp/aws\"]",
      "instances": [
        {
          "schema_version": 0,
          "attributes": {
            "cache_key_parameters": null,
            "cache_namespace": "ffpbya",
            "connection_id": "",
            "connection_type": "INTERNET",
            "content_handling": "",
            "credentials": "",
            "http_method": "POST",
            "id": "agi-bk3flmgb03-ffpbya-POST",
            "integration_http_method": "POST",
            "passthrough_behavior": "WHEN_NO_MATCH",
            "request_parameters": null,
            "request_templates": null,
            "resource_id": "ffpbya",
            "rest_api_id": "bk3flmgb03",
            "timeout_milliseconds": 29000,
            "tls_config": [],
            "type": "AWS_PROXY",
            "uri": "arn:aws:apigateway:eu-west-1:lambda:path/2015-03-31/functions/arn:aws:lambda:eu-west-1:329599631476:function:FileUploadFunction/invocations"
          },
          "sensitive_attributes": [],
          "private": "bnVsbA==",
          "dependencies": [
            "aws_api_gateway_method.upload_method",
            "aws_api_gateway_resource.upload_resource",
            "aws_api_gateway_rest_api.upload_api",
            "aws_iam_role.lambda",
            "aws_lambda_function.file_upload_lambda",
            "aws_s3_bucket.maras3bucket",
            "data.aws_iam_policy_document.assumerole"
          ]
        }
      ]
    },
    {
      "mode": "managed",
      "type": "aws_api_gateway_method",
      "name": "upload_method",
      "provider": "provider[\"registry.terraform.io/hashicorp/aws\"]",
      "instances": [
        {
          "schema_version": 0,
          "attributes": {
            "api_key_required": false,
            "authorization": "NONE",
            "authorization_scopes": null,
            "authorizer_id": null,
            "http_method": "POST",
            "id": "agm-bk3flmgb03-ffpbya-POST",
            "operation_name": null,
            "request_models": null,
            "request_parameters": null,
            "request_validator_id": null,
            "resource_id": "ffpbya",
            "rest_api_id": "bk3flmgb03"
          },
          "sensitive_attributes": [],
          "private": "bnVsbA==",
          "dependencies": [
            "aws_api_gateway_resource.upload_resource",
            "aws_api_gateway_rest_api.upload_api"
          ]
        }
      ]
    },
    {
      "mode": "managed",
      "type": "aws_api_gateway_resource",
      "name": "upload_resource",
      "provider": "provider[\"registry.terraform.io/hashicorp/aws\"]",
      "instances": [
        {
          "schema_version": 0,
          "attributes": {
            "id": "ffpbya",
            "parent_id": "7ptf5sgfy4",
            "path": "/upload",
            "path_part": "upload",
            "rest_api_id": "bk3flmgb03"
          },
          "sensitive_attributes": [],
          "private": "bnVsbA==",
          "dependencies": [
            "aws_api_gateway_rest_api.upload_api"
          ]
        }
      ]
    },
    {
      "mode": "managed",
      "type": "aws_api_gateway_rest_api",
      "name": "upload_api",
      "provider": "provider[\"registry.terraform.io/hashicorp/aws\"]",
      "instances": [
        {
          "schema_version": 0,
          "attributes": {
            "api_key_source": "HEADER",
            "arn": "arn:aws:apigateway:eu-west-1::/restapis/bk3flmgb03",
            "binary_media_types": [],
            "body": null,
            "created_date": "2024-12-20T10:41:14Z",
            "description": "",
            "disable_execute_api_endpoint": false,
            "endpoint_configuration": [
              {
                "types": [
                  "EDGE"
                ],
                "vpc_endpoint_ids": []
              }
            ],
            "execution_arn": "arn:aws:execute-api:eu-west-1:329599631476:bk3flmgb03",
            "fail_on_warnings": null,
            "id": "bk3flmgb03",
            "minimum_compression_size": "",
            "name": "FileUploadAPI",
            "parameters": null,
            "policy": "",
            "put_rest_api_mode": null,
            "root_resource_id": "7ptf5sgfy4",
            "tags": null,
            "tags_all": {}
          },
          "sensitive_attributes": [],
          "private": "bnVsbA=="
        }
      ]
    },
    {
      "mode": "managed",
      "type": "aws_api_gateway_stage",
      "name": "name",
      "provider": "provider[\"registry.terraform.io/hashicorp/aws\"]",
      "instances": [
        {
          "schema_version": 0,
          "attributes": {
            "access_log_settings": [],
            "arn": "arn:aws:apigateway:eu-west-1::/restapis/bk3flmgb03/stages/prod",
            "cache_cluster_enabled": false,
            "cache_cluster_size": "",
            "canary_settings": [],
            "client_certificate_id": "",
            "deployment_id": "6f32aa",
            "description": "",
            "documentation_version": "",
            "execution_arn": "arn:aws:execute-api:eu-west-1:329599631476:bk3flmgb03/prod",
            "id": "ags-bk3flmgb03-prod",
            "invoke_url": "https://bk3flmgb03.execute-api.eu-west-1.amazonaws.com/prod",
            "rest_api_id": "bk3flmgb03",
            "stage_name": "prod",
            "tags": null,
            "tags_all": {},
            "variables": null,
            "web_acl_arn": "",
            "xray_tracing_enabled": false
          },
          "sensitive_attributes": [],
          "private": "bnVsbA==",
          "dependencies": [
            "aws_api_gateway_deployment.upload_deployment",
            "aws_api_gateway_integration.upload_integration",
            "aws_api_gateway_method.upload_method",
            "aws_api_gateway_resource.upload_resource",
            "aws_api_gateway_rest_api.upload_api",
            "aws_iam_role.lambda",
            "aws_lambda_function.file_upload_lambda",
            "aws_s3_bucket.maras3bucket",
            "data.aws_iam_policy_document.assumerole"
          ]
        }
      ]
    },
    {
      "mode": "managed",
      "type": "aws_iam_instance_profile",
      "name": "ec2_instance_profile",
      "provider": "provider[\"registry.terraform.io/hashicorp/aws\"]",
      "instances": [
        {
          "schema_version": 0,
          "attributes": {
            "arn": "arn:aws:iam::329599631476:instance-profile/EC2InstanceProfile",
            "create_date": "2024-12-20T10:41:14Z",
            "id": "EC2InstanceProfile",
            "name": "EC2InstanceProfile",
            "name_prefix": "",
            "path": "/",
            "role": "EC2IAM",
            "tags": null,
            "tags_all": {},
            "unique_id": "AIPAUZPNLIB2JP3TP5GPI"
          },
          "sensitive_attributes": [],
          "private": "bnVsbA==",
          "dependencies": [
            "aws_iam_role.ec2",
            "data.aws_iam_policy_document.assumerole_ec2"
          ]
        }
      ]
    },
    {
      "mode": "managed",
      "type": "aws_iam_role",
      "name": "ec2",
      "provider": "provider[\"registry.terraform.io/hashicorp/aws\"]",
      "instances": [
        {
          "schema_version": 0,
          "attributes": {
            "arn": "arn:aws:iam::329599631476:role/EC2IAM",
            "assume_role_policy": "{\"Statement\":[{\"Action\":\"sts:AssumeRole\",\"Effect\":\"Allow\",\"Principal\":{\"Service\":\"ec2.amazonaws.com\"}}],\"Version\":\"2012-10-17\"}",
            "create_date": "2024-12-20T10:41:13Z",
            "description": "",
            "force_detach_policies": false,
            "id": "EC2IAM",
            "inline_policy": [],
            "managed_policy_arns": [],
            "max_session_duration": 3600,
            "name": "EC2IAM",
            "name_prefix": "",
            "path": "/",
            "permissions_boundary": "",
            "tags": {
              "Environment": "Production"
            },
            "tags_all": {
              "Environment": "Production"
            },
            "unique_id": "AROAUZPNLIB2GXV3KUPVF"
          },
          "sensitive_attributes": [],
          "private": "bnVsbA==",
          "dependencies": [
            "data.aws_iam_policy_document.assumerole_ec2"
          ]
        }
      ]
    },
    {
      "mode": "managed",
      "type": "aws_iam_role",
      "name": "lambda",
      "provider": "provider[\"registry.terraform.io/hashicorp/aws\"]",
      "instances": [
        {
          "schema_version": 0,
          "attributes": {
            "arn": "arn:aws:iam::329599631476:role/LambdaIAM",
            "assume_role_policy": "{\"Statement\":[{\"Action\":\"sts:AssumeRole\",\"Effect\":\"Allow\",\"Principal\":{\"Service\":\"lambda.amazonaws.com\"}}],\"Version\":\"2012-10-17\"}",
            "create_date": "2024-12-20T10:41:13Z",
            "description": "",
            "force_detach_policies": false,
            "id": "LambdaIAM",
            "inline_policy": [],
            "managed_policy_arns": [],
            "max_session_duration": 3600,
            "name": "LambdaIAM",
            "name_prefix": "",
            "path": "/",
            "permissions_boundary": "",
            "tags": {
              "Environment": "Production"
            },
            "tags_all": {
              "Environment": "Production"
            },
            "unique_id": "AROAUZPNLIB2DM6ESP6QN"
          },
          "sensitive_attributes": [],
          "private": "bnVsbA==",
          "dependencies": [
            "data.aws_iam_policy_document.assumerole"
          ]
        }
      ]
    },
    {
      "mode": "managed",
      "type": "aws_iam_role_policy",
      "name": "ec2_s3_policy",
      "provider": "provider[\"registry.terraform.io/hashicorp/aws\"]",
      "instances": [
        {
          "schema_version": 0,
          "attributes": {
            "id": "EC2IAM:EC2S3Policy",
            "name": "EC2S3Policy",
            "name_prefix": "",
            "policy": "{\"Version\":\"2012-10-17\",\"Statement\":[{\"Action\":\"s3:*\",\"Effect\":\"Allow\",\"Resource\":[\"arn:aws:s3:::marabuck/*\",\"arn:aws:s3:::marabuck\"]}]}",
            "role": "EC2IAM"
          },
          "sensitive_attributes": [],
          "private": "bnVsbA==",
          "dependencies": [
            "aws_iam_role.ec2",
            "data.aws_iam_policy_document.assumerole_ec2",
            "data.aws_iam_policy_document.s3_permissions_ec2"
          ]
        }
      ]
    },
    {
      "mode": "managed",
      "type": "aws_iam_role_policy",
      "name": "lambda_s3_policy",
      "provider": "provider[\"registry.terraform.io/hashicorp/aws\"]",
      "instances": [
        {
          "schema_version": 0,
          "attributes": {
            "id": "LambdaIAM:LambdaS3Policy",
            "name": "LambdaS3Policy",
            "name_prefix": "",
            "policy": "{\"Version\":\"2012-10-17\",\"Statement\":[{\"Action\":[\"s3:PutObject\",\"s3:GetObject\"],\"Effect\":\"Allow\",\"Resource\":\"arn:aws:s3:::marabuck/*\"}]}",
            "role": "LambdaIAM"
          },
          "sensitive_attributes": [],
          "private": "bnVsbA==",
          "dependencies": [
            "aws_iam_role.lambda",
            "data.aws_iam_policy_document.assumerole",
            "data.aws_iam_policy_document.s3_permissions"
          ]
        }
      ]
    },
    {
      "mode": "managed",
      "type": "aws_instance",
      "name": "aws_instance_created",
      "provider": "provider[\"registry.terraform.io/hashicorp/aws\"]",
      "instances": [
        {
          "schema_version": 1,
          "attributes": {
            "ami": "ami-0d64bb532e0502c46",
            "arn": "arn:aws:ec2:eu-west-1:329599631476:instance/i-01408ef12b82cd0d3",
            "associate_public_ip_address": true,
            "availability_zone": "eu-west-1a",
            "capacity_reservation_specification": [
              {
                "capacity_reservation_preference": "open",
                "capacity_reservation_target": []
              }
            ],
            "cpu_core_count": 1,
            "cpu_options": [
              {
                "amd_sev_snp": "",
                "core_count": 1,
                "threads_per_core": 1
              }
            ],
            "cpu_threads_per_core": 1,
            "credit_specification": [
              {
                "cpu_credits": "standard"
              }
            ],
            "disable_api_stop": false,
            "disable_api_termination": false,
            "ebs_block_device": [],
            "ebs_optimized": false,
            "enable_primary_ipv6": null,
            "enclave_options": [
              {
                "enabled": false
              }
            ],
            "ephemeral_block_device": [],
            "get_password_data": false,
            "hibernation": false,
            "host_id": "",
            "host_resource_group_arn": null,
            "iam_instance_profile": "EC2InstanceProfile",
            "id": "i-01408ef12b82cd0d3",
            "instance_initiated_shutdown_behavior": "stop",
            "instance_lifecycle": "",
            "instance_market_options": [],
            "instance_state": "running",
            "instance_type": "t2.micro",
            "ipv6_address_count": 0,
            "ipv6_addresses": [],
            "key_name": "marakeypair",
            "launch_template": [],
            "maintenance_options": [
              {
                "auto_recovery": "default"
              }
            ],
            "metadata_options": [
              {
                "http_endpoint": "enabled",
                "http_protocol_ipv6": "disabled",
                "http_put_response_hop_limit": 2,
                "http_tokens": "optional",
                "instance_metadata_tags": "disabled"
              }
            ],
            "monitoring": false,
            "network_interface": [],
            "outpost_arn": "",
            "password_data": "",
            "placement_group": "",
            "placement_partition_number": 0,
            "primary_network_interface_id": "eni-04a61a672f72d8b40",
            "private_dns": "ip-172-31-29-66.eu-west-1.compute.internal",
            "private_dns_name_options": [
              {
                "enable_resource_name_dns_a_record": false,
                "enable_resource_name_dns_aaaa_record": false,
                "hostname_type": "ip-name"
              }
            ],
            "private_ip": "172.31.29.66",
            "public_dns": "ec2-3-252-80-138.eu-west-1.compute.amazonaws.com",
            "public_ip": "3.252.80.138",
            "root_block_device": [
              {
                "delete_on_termination": true,
                "device_name": "/dev/sda1",
                "encrypted": false,
                "iops": 3000,
                "kms_key_id": "",
                "tags": {},
                "tags_all": {},
                "throughput": 125,
                "volume_id": "vol-03d2a017b8e5494c8",
                "volume_size": 8,
                "volume_type": "gp3"
              }
            ],
            "secondary_private_ips": [],
            "security_groups": [
              "default"
            ],
            "source_dest_check": true,
            "spot_instance_request_id": "",
            "subnet_id": "subnet-0b49c76e9725a1f40",
            "tags": {
              "Name": "MaraTestInstance"
            },
            "tags_all": {
              "Name": "MaraTestInstance"
            },
            "tenancy": "default",
            "timeouts": null,
            "user_data": "96064b2a99714446e2aaf44ac609111a83ec9888",
            "user_data_base64": null,
            "user_data_replace_on_change": false,
            "volume_tags": null,
            "vpc_security_group_ids": [
              "sg-01af516655b99b3c1"
            ]
          },
          "sensitive_attributes": [],
          "private": "eyJlMmJmYjczMC1lY2FhLTExZTYtOGY4OC0zNDM2M2JjN2M0YzAiOnsiY3JlYXRlIjo2MDAwMDAwMDAwMDAsImRlbGV0ZSI6MTIwMDAwMDAwMDAwMCwicmVhZCI6OTAwMDAwMDAwMDAwLCJ1cGRhdGUiOjYwMDAwMDAwMDAwMH0sInNjaGVtYV92ZXJzaW9uIjoiMSJ9",
          "dependencies": [
            "aws_iam_instance_profile.ec2_instance_profile",
            "aws_iam_role.ec2",
            "data.aws_iam_policy_document.assumerole_ec2",
            "data.template_file.userdata-mara"
          ]
        }
      ]
    },
    {
      "mode": "managed",
      "type": "aws_instance",
      "name": "aws_instance_mysql",
      "provider": "provider[\"registry.terraform.io/hashicorp/aws\"]",
      "instances": [
        {
          "schema_version": 1,
          "attributes": {
            "ami": "ami-0d64bb532e0502c46",
            "arn": "arn:aws:ec2:eu-west-1:329599631476:instance/i-0283901ef8245e9a6",
            "associate_public_ip_address": true,
            "availability_zone": "eu-west-1a",
            "capacity_reservation_specification": [
              {
                "capacity_reservation_preference": "open",
                "capacity_reservation_target": []
              }
            ],
            "cpu_core_count": 1,
            "cpu_options": [
              {
                "amd_sev_snp": "",
                "core_count": 1,
                "threads_per_core": 1
              }
            ],
            "cpu_threads_per_core": 1,
            "credit_specification": [
              {
                "cpu_credits": "standard"
              }
            ],
            "disable_api_stop": false,
            "disable_api_termination": false,
            "ebs_block_device": [],
            "ebs_optimized": false,
            "enable_primary_ipv6": null,
            "enclave_options": [
              {
                "enabled": false
              }
            ],
            "ephemeral_block_device": [],
            "get_password_data": false,
            "hibernation": false,
            "host_id": "",
            "host_resource_group_arn": null,
            "iam_instance_profile": "EC2InstanceProfile",
            "id": "i-0283901ef8245e9a6",
            "instance_initiated_shutdown_behavior": "stop",
            "instance_lifecycle": "",
            "instance_market_options": [],
            "instance_state": "running",
            "instance_type": "t2.micro",
            "ipv6_address_count": 0,
            "ipv6_addresses": [],
            "key_name": "marakeypair",
            "launch_template": [],
            "maintenance_options": [
              {
                "auto_recovery": "default"
              }
            ],
            "metadata_options": [
              {
                "http_endpoint": "enabled",
                "http_protocol_ipv6": "disabled",
                "http_put_response_hop_limit": 2,
                "http_tokens": "optional",
                "instance_metadata_tags": "disabled"
              }
            ],
            "monitoring": false,
            "network_interface": [],
            "outpost_arn": "",
            "password_data": "",
            "placement_group": "",
            "placement_partition_number": 0,
            "primary_network_interface_id": "eni-04679ec50161770ca",
            "private_dns": "ip-172-31-30-38.eu-west-1.compute.internal",
            "private_dns_name_options": [
              {
                "enable_resource_name_dns_a_record": false,
                "enable_resource_name_dns_aaaa_record": false,
                "hostname_type": "ip-name"
              }
            ],
            "private_ip": "172.31.30.38",
            "public_dns": "ec2-54-154-165-128.eu-west-1.compute.amazonaws.com",
            "public_ip": "54.154.165.128",
            "root_block_device": [
              {
                "delete_on_termination": true,
                "device_name": "/dev/sda1",
                "encrypted": false,
                "iops": 3000,
                "kms_key_id": "",
                "tags": {},
                "tags_all": {},
                "throughput": 125,
                "volume_id": "vol-0c57cad4196b44bb7",
                "volume_size": 8,
                "volume_type": "gp3"
              }
            ],
            "secondary_private_ips": [],
            "security_groups": [
              "default"
            ],
            "source_dest_check": true,
            "spot_instance_request_id": "",
            "subnet_id": "subnet-0b49c76e9725a1f40",
            "tags": {
              "Name": "MaraMysql"
            },
            "tags_all": {
              "Name": "MaraMysql"
            },
            "tenancy": "default",
            "timeouts": null,
            "user_data": "99ff40db8784e1684d7a768516a94af8b562633d",
            "user_data_base64": null,
            "user_data_replace_on_change": false,
            "volume_tags": null,
            "vpc_security_group_ids": [
              "sg-01af516655b99b3c1"
            ]
          },
          "sensitive_attributes": [],
          "private": "eyJlMmJmYjczMC1lY2FhLTExZTYtOGY4OC0zNDM2M2JjN2M0YzAiOnsiY3JlYXRlIjo2MDAwMDAwMDAwMDAsImRlbGV0ZSI6MTIwMDAwMDAwMDAwMCwicmVhZCI6OTAwMDAwMDAwMDAwLCJ1cGRhdGUiOjYwMDAwMDAwMDAwMH0sInNjaGVtYV92ZXJzaW9uIjoiMSJ9",
          "dependencies": [
            "aws_iam_instance_profile.ec2_instance_profile",
            "aws_iam_role.ec2",
            "data.aws_iam_policy_document.assumerole_ec2",
            "data.template_file.userdata-mysql-mara"
          ]
        }
      ]
    },
    {
      "mode": "managed",
      "type": "aws_key_pair",
      "name": "keypair",
      "provider": "provider[\"registry.terraform.io/hashicorp/aws\"]",
      "instances": [
        {
          "schema_version": 1,
          "attributes": {
            "arn": "arn:aws:ec2:eu-west-1:329599631476:key-pair/marakeypair",
            "fingerprint": "58:82:cd:46:01:a2:e9:b2:a3:80:32:4c:d0:e2:79:5f",
            "id": "marakeypair",
            "key_name": "marakeypair",
            "key_name_prefix": "",
            "key_pair_id": "key-0d97ddce924082369",
            "key_type": "rsa",
            "public_key": "ssh-rsa AAAAB3NzaC1yc2EAAAADAQABAAABAQCu6CyZ1Is3J0vcfgGTFXd1qqNTOJzFDvQZRyZfebg12B+7R+ow9XyUfGl7f1/YMCE2ynQmwtnWNwzl3eo0cwo2hBzfNIkwUp0ZHDOrt06IgIhWCACCzerNpGpIP1mEN/5kMVqYBYgcik90hFeRm2AQVYCo4IxenDnIv1Pf3/evC+FrKcsLIkdZAk/Ky+1hczxUkGj5reL65ylCAcnv9KsiwvsEoJfpwNSyxb34W8r8ZBVu36QV2pcPF0cCNjYDIDCrZ/Bz8CjBy11eJmURjJuFZPqGSsOMfcfE4baG39pB7SK1AbNjOrrLAAjIBuPZA0I1ln2xSTuFO3n4Z0FojY6d",
            "tags": null,
            "tags_all": {}
          },
          "sensitive_attributes": [],
          "private": "eyJzY2hlbWFfdmVyc2lvbiI6IjEifQ==",
          "dependencies": [
            "tls_private_key.Keypair-test"
          ]
        }
      ]
    },
    {
      "mode": "managed",
      "type": "aws_lambda_function",
      "name": "file_upload_lambda",
      "provider": "provider[\"registry.terraform.io/hashicorp/aws\"]",
      "instances": [
        {
          "schema_version": 0,
          "attributes": {
            "architectures": [
              "x86_64"
            ],
            "arn": "arn:aws:lambda:eu-west-1:329599631476:function:FileUploadFunction",
            "code_sha256": "cXfpHXrmPrfs15cdIiCea8NvDXUg5WTS73nagDSJBIc=",
            "code_signing_config_arn": "",
            "dead_letter_config": [],
            "description": "",
            "environment": [
              {
                "variables": {
                  "S3_BUCKET": "marabuck"
                }
              }
            ],
            "ephemeral_storage": [
              {
                "size": 512
              }
            ],
            "file_system_config": [],
            "filename": "lambda.zip",
            "function_name": "FileUploadFunction",
            "handler": "lambda.lambda_handler",
            "id": "FileUploadFunction",
            "image_config": [],
            "image_uri": "",
            "invoke_arn": "arn:aws:apigateway:eu-west-1:lambda:path/2015-03-31/functions/arn:aws:lambda:eu-west-1:329599631476:function:FileUploadFunction/invocations",
            "kms_key_arn": "",
            "last_modified": "2024-12-20T10:41:23.853+0000",
            "layers": null,
            "logging_config": [
              {
                "application_log_level": "",
                "log_format": "Text",
                "log_group": "/aws/lambda/FileUploadFunction",
                "system_log_level": ""
              }
            ],
            "memory_size": 128,
            "package_type": "Zip",
            "publish": false,
            "qualified_arn": "arn:aws:lambda:eu-west-1:329599631476:function:FileUploadFunction:$LATEST",
            "qualified_invoke_arn": "arn:aws:apigateway:eu-west-1:lambda:path/2015-03-31/functions/arn:aws:lambda:eu-west-1:329599631476:function:FileUploadFunction:$LATEST/invocations",
            "replace_security_groups_on_destroy": null,
            "replacement_security_group_ids": null,
            "reserved_concurrent_executions": -1,
            "role": "arn:aws:iam::329599631476:role/LambdaIAM",
            "runtime": "python3.9",
            "s3_bucket": null,
            "s3_key": null,
            "s3_object_version": null,
            "signing_job_arn": "",
            "signing_profile_version_arn": "",
            "skip_destroy": false,
            "snap_start": [],
            "source_code_hash": "",
            "source_code_size": 523,
            "tags": null,
            "tags_all": {},
            "timeout": 3,
            "timeouts": null,
            "tracing_config": [
              {
                "mode": "PassThrough"
              }
            ],
            "version": "$LATEST",
            "vpc_config": []
          },
          "sensitive_attributes": [],
          "private": "eyJlMmJmYjczMC1lY2FhLTExZTYtOGY4OC0zNDM2M2JjN2M0YzAiOnsiY3JlYXRlIjo2MDAwMDAwMDAwMDAsImRlbGV0ZSI6NjAwMDAwMDAwMDAwLCJ1cGRhdGUiOjYwMDAwMDAwMDAwMH19",
          "dependencies": [
            "aws_iam_role.lambda",
            "aws_s3_bucket.maras3bucket",
            "data.aws_iam_policy_document.assumerole"
          ]
        }
      ]
    },
    {
      "mode": "managed",
      "type": "aws_lambda_permission",
      "name": "api_gateway_invoke",
      "provider": "provider[\"registry.terraform.io/hashicorp/aws\"]",
      "instances": [
        {
          "schema_version": 0,
          "attributes": {
            "action": "lambda:InvokeFunction",
            "event_source_token": null,
            "function_name": "arn:aws:lambda:eu-west-1:329599631476:function:FileUploadFunction",
            "function_url_auth_type": null,
            "id": "AllowAPIGatewayInvoke",
            "principal": "apigateway.amazonaws.com",
            "principal_org_id": null,
            "qualifier": "",
            "source_account": null,
            "source_arn": "arn:aws:execute-api:eu-west-1:329599631476:bk3flmgb03/*/*",
            "statement_id": "AllowAPIGatewayInvoke",
            "statement_id_prefix": ""
          },
          "sensitive_attributes": [],
          "private": "bnVsbA==",
          "dependencies": [
            "aws_api_gateway_rest_api.upload_api",
            "aws_iam_role.lambda",
            "aws_lambda_function.file_upload_lambda",
            "aws_s3_bucket.maras3bucket",
            "data.aws_iam_policy_document.assumerole"
          ]
        }
      ]
    },
    {
      "mode": "managed",
      "type": "aws_s3_bucket",
      "name": "maras3bucket",
      "provider": "provider[\"registry.terraform.io/hashicorp/aws\"]",
      "instances": [
        {
          "schema_version": 0,
          "attributes": {
            "acceleration_status": "",
            "acl": null,
            "arn": "arn:aws:s3:::marabuck",
            "bucket": "marabuck",
            "bucket_domain_name": "marabuck.s3.amazonaws.com",
            "bucket_prefix": "",
            "bucket_regional_domain_name": "marabuck.s3.eu-west-1.amazonaws.com",
            "cors_rule": [],
            "force_destroy": false,
            "grant": [
              {
                "id": "5c4d805aef632a58cbf95e13f2d19ea5db64793b283c46517245ff8e0fc56a2b",
                "permissions": [
                  "FULL_CONTROL"
                ],
                "type": "CanonicalUser",
                "uri": ""
              }
            ],
            "hosted_zone_id": "Z1BKCTXD74EZPE",
            "id": "marabuck",
            "lifecycle_rule": [],
            "logging": [],
            "object_lock_configuration": [],
            "object_lock_enabled": false,
            "policy": "",
            "region": "eu-west-1",
            "replication_configuration": [],
            "request_payer": "BucketOwner",
            "server_side_encryption_configuration": [
              {
                "rule": [
                  {
                    "apply_server_side_encryption_by_default": [
                      {
                        "kms_master_key_id": "",
                        "sse_algorithm": "AES256"
                      }
                    ],
                    "bucket_key_enabled": false
                  }
                ]
              }
            ],
            "tags": {
              "name": "marabuck"
            },
            "tags_all": {
              "name": "marabuck"
            },
            "timeouts": null,
            "versioning": [
              {
                "enabled": false,
                "mfa_delete": false
              }
            ],
            "website": [],
            "website_domain": null,
            "website_endpoint": null
          },
          "sensitive_attributes": [],
          "private": "eyJlMmJmYjczMC1lY2FhLTExZTYtOGY4OC0zNDM2M2JjN2M0YzAiOnsiY3JlYXRlIjoxMjAwMDAwMDAwMDAwLCJkZWxldGUiOjM2MDAwMDAwMDAwMDAsInJlYWQiOjEyMDAwMDAwMDAwMDAsInVwZGF0ZSI6MTIwMDAwMDAwMDAwMH19"
        }
      ]
    },
    {
      "mode": "managed",
      "type": "tls_private_key",
      "name": "Keypair-test",
      "provider": "provider[\"registry.terraform.io/hashicorp/tls\"]",
      "instances": [
        {
          "schema_version": 1,
          "attributes": {
            "algorithm": "RSA",
            "ecdsa_curve": "P224",
            "id": "06f662e0d8505eecfe4a2e6dded07165cdac4d9a",
            "private_key_openssh": "-----BEGIN OPENSSH PRIVATE KEY-----\nb3BlbnNzaC1rZXktdjEAAAAABG5vbmUAAAAEbm9uZQAAAAAAAAABAAABFwAAAAdz\nc2gtcnNhAAAAAwEAAQAAAQEArugsmdSLNydL3H4BkxV3daqjUzicxQ70GUcmX3m4\nNdgfu0fqMPV8lHxpe39f2DAhNsp0JsLZ1jcM5d3qNHMKNoQc3zSJMFKdGRwzq7dO\niICIVggAgs3qzaRqSD9ZhDf+ZDFamAWIHIpPdIRXkZtgEFWAqOCMXpw5yL9T39/3\nrwvhaynLCyJHWQJPysvtYXM8VJBo+a3i+ucpQgHJ7/SrIsL7BKCX6cDUssW9+FvK\n/GQVbt+kFdqXDxdHAjY2AyAwq2fwc/AowctdXiZlEYybhWT6hkrDjH3HxOG2ht/a\nQe0itQGzYzq6ywAIyAbj2QNCNZZ9sUk7hTt5+GdBaI2OnQAAA7jVGzuJ1Rs7iQAA\nAAdzc2gtcnNhAAABAQCu6CyZ1Is3J0vcfgGTFXd1qqNTOJzFDvQZRyZfebg12B+7\nR+ow9XyUfGl7f1/YMCE2ynQmwtnWNwzl3eo0cwo2hBzfNIkwUp0ZHDOrt06IgIhW\nCACCzerNpGpIP1mEN/5kMVqYBYgcik90hFeRm2AQVYCo4IxenDnIv1Pf3/evC+Fr\nKcsLIkdZAk/Ky+1hczxUkGj5reL65ylCAcnv9KsiwvsEoJfpwNSyxb34W8r8ZBVu\n36QV2pcPF0cCNjYDIDCrZ/Bz8CjBy11eJmURjJuFZPqGSsOMfcfE4baG39pB7SK1\nAbNjOrrLAAjIBuPZA0I1ln2xSTuFO3n4Z0FojY6dAAAAAwEAAQAAAQAdrWdj8pxs\nj05f60F5I3tRi9KKnGB9Tzw7zcbFDHIlMLaxoFIsXHr29uUu/z3UANah5Vgv+3/a\nyRx3JGBI5fwlo+UCOnfMqzfcutxJlqDMqIJ5loH/r9DXc75U4+rcdGPFvFoS0V12\n+kDhFFOHcUWrf9aE0RUAOKHVXiFtKyNrn+CgpklWyDxrr6CpGcij1st236wzg4vB\nOcB8/hFnlK7Fp80xFJjt07wVQ9ikBv94tOCB+5Lbc0x19d2t4j56Cbo7aQTUjuLi\n6PzhqeyCqYstc2kUTMnOi3cC+Vr2Kuh7u/i/wNq4fnWOFfGZXlVKkAdc4dmmrgCQ\nBBDtlW23hogBAAAAgHoSHOaiV9JBlN38Ctj0sgrYhGq5ikDITirVYwJaKqtvoLJK\n7+BTFuWAtO/8F2Y/nxuDqdWnP7zRuyedZFdS3PrXqbpEnN+ad+4KAUdAwkpWwytV\n7lC0n7+pAknZOR8RVy9nlO2l4BGOU8fZVz1do57ki+x25WshUQwwLGbVKYszAAAA\ngQDT2WOWASKt/TXcqWZZmUXh96PggF3+fFajm8ZFgGgODbW6evUElGILhsPcy2BV\n8SrOWOSGG7zORBJJO/VV4wmJgdLQKJuxxR9CqPlrzUrCsETzFNptx++jFoPXdAzw\nBV7x7MfIonF8+9cnGc+MDzwnStjg+FrL7Efki7iZtiNF/QAAAIEA01vWLzaILnK6\nHdd8vjJGDFPTyH4bPGtIp8AMxj1QbVPjMffDp+euHsoHc/bYA/f4PJ1A/cTu0oZ0\nJdZ2Xo2qoSaPmG48uCSMbnH667do8Pt3LTSG2QGURvkh4O0eFqdF5EPE6RCBdYJH\ndiO4S22RppdIU/ZE1JHYrDlV/fW5fSEAAAAAAQID\n-----END OPENSSH PRIVATE KEY-----\n",
            "private_key_pem": "-----BEGIN RSA PRIVATE KEY-----\nMIIEowIBAAKCAQEArugsmdSLNydL3H4BkxV3daqjUzicxQ70GUcmX3m4Ndgfu0fq\nMPV8lHxpe39f2DAhNsp0JsLZ1jcM5d3qNHMKNoQc3zSJMFKdGRwzq7dOiICIVggA\ngs3qzaRqSD9ZhDf+ZDFamAWIHIpPdIRXkZtgEFWAqOCMXpw5yL9T39/3rwvhaynL\nCyJHWQJPysvtYXM8VJBo+a3i+ucpQgHJ7/SrIsL7BKCX6cDUssW9+FvK/GQVbt+k\nFdqXDxdHAjY2AyAwq2fwc/AowctdXiZlEYybhWT6hkrDjH3HxOG2ht/aQe0itQGz\nYzq6ywAIyAbj2QNCNZZ9sUk7hTt5+GdBaI2OnQIDAQABAoIBAB2tZ2PynGyPTl/r\nQXkje1GL0oqcYH1PPDvNxsUMciUwtrGgUixcevb25S7/PdQA1qHlWC/7f9rJHHck\nYEjl/CWj5QI6d8yrN9y63EmWoMyognmWgf+v0NdzvlTj6tx0Y8W8WhLRXXb6QOEU\nU4dxRat/1oTRFQA4odVeIW0rI2uf4KCmSVbIPGuvoKkZyKPWy3bfrDODi8E5wHz+\nEWeUrsWnzTEUmO3TvBVD2KQG/3i04IH7kttzTHX13a3iPnoJujtpBNSO4uLo/OGp\n7IKpiy1zaRRMyc6LdwL5WvYq6Hu7+L/A2rh+dY4V8ZleVUqQB1zh2aauAJAEEO2V\nbbeGiAECgYEA09ljlgEirf013KlmWZlF4fej4IBd/nxWo5vGRYBoDg21unr1BJRi\nC4bD3MtgVfEqzljkhhu8zkQSSTv1VeMJiYHS0CibscUfQqj5a81KwrBE8xTabcfv\noxaD13QM8AVe8ezHyKJxfPvXJxnPjA88J0rY4Phay+xH5Iu4mbYjRf0CgYEA01vW\nLzaILnK6Hdd8vjJGDFPTyH4bPGtIp8AMxj1QbVPjMffDp+euHsoHc/bYA/f4PJ1A\n/cTu0oZ0JdZ2Xo2qoSaPmG48uCSMbnH667do8Pt3LTSG2QGURvkh4O0eFqdF5EPE\n6RCBdYJHdiO4S22RppdIU/ZE1JHYrDlV/fW5fSECgYEAsOSNjhymm4eaKQXeK6Sb\nQKLqWLR3R98E7RpOhYxB1rJF809mNgu8jolaFIxRhZGZv7FkKEMS9VzLtBD3u16X\ngRVBNYUi9F53ys6Tbht+eHB9MkhQV2iiRZiwQABsKSMi83lWHMbfYpBbSA/6SKYU\nAW8zBy75idti8IhmfRsj+vUCgYAtTvWWP2loE54EQapzF1He2KWAyE/MXu8/TrMu\nV/yCw0Xj80oVF1xDK2n3mQXrq9+iFs/U1r+fj8UcS2IqmNHoI90Kfy8zBlq4XmS8\n3R948V816JmzsVv47vUtQ4d8sbUQ3to6YBhweVIaaEPcn4tmm+2cWiGdM/qvyMa/\nX0q5IQKBgHoSHOaiV9JBlN38Ctj0sgrYhGq5ikDITirVYwJaKqtvoLJK7+BTFuWA\ntO/8F2Y/nxuDqdWnP7zRuyedZFdS3PrXqbpEnN+ad+4KAUdAwkpWwytV7lC0n7+p\nAknZOR8RVy9nlO2l4BGOU8fZVz1do57ki+x25WshUQwwLGbVKYsz\n-----END RSA PRIVATE KEY-----\n",
            "private_key_pem_pkcs8": "-----BEGIN PRIVATE KEY-----\nMIIEvQIBADANBgkqhkiG9w0BAQEFAASCBKcwggSjAgEAAoIBAQCu6CyZ1Is3J0vc\nfgGTFXd1qqNTOJzFDvQZRyZfebg12B+7R+ow9XyUfGl7f1/YMCE2ynQmwtnWNwzl\n3eo0cwo2hBzfNIkwUp0ZHDOrt06IgIhWCACCzerNpGpIP1mEN/5kMVqYBYgcik90\nhFeRm2AQVYCo4IxenDnIv1Pf3/evC+FrKcsLIkdZAk/Ky+1hczxUkGj5reL65ylC\nAcnv9KsiwvsEoJfpwNSyxb34W8r8ZBVu36QV2pcPF0cCNjYDIDCrZ/Bz8CjBy11e\nJmURjJuFZPqGSsOMfcfE4baG39pB7SK1AbNjOrrLAAjIBuPZA0I1ln2xSTuFO3n4\nZ0FojY6dAgMBAAECggEAHa1nY/KcbI9OX+tBeSN7UYvSipxgfU88O83GxQxyJTC2\nsaBSLFx69vblLv891ADWoeVYL/t/2skcdyRgSOX8JaPlAjp3zKs33LrcSZagzKiC\neZaB/6/Q13O+VOPq3HRjxbxaEtFddvpA4RRTh3FFq3/WhNEVADih1V4hbSsja5/g\noKZJVsg8a6+gqRnIo9bLdt+sM4OLwTnAfP4RZ5SuxafNMRSY7dO8FUPYpAb/eLTg\ngfuS23NMdfXdreI+egm6O2kE1I7i4uj84ansgqmLLXNpFEzJzot3Avla9iroe7v4\nv8DauH51jhXxmV5VSpAHXOHZpq4AkAQQ7ZVtt4aIAQKBgQDT2WOWASKt/TXcqWZZ\nmUXh96PggF3+fFajm8ZFgGgODbW6evUElGILhsPcy2BV8SrOWOSGG7zORBJJO/VV\n4wmJgdLQKJuxxR9CqPlrzUrCsETzFNptx++jFoPXdAzwBV7x7MfIonF8+9cnGc+M\nDzwnStjg+FrL7Efki7iZtiNF/QKBgQDTW9YvNogucrod13y+MkYMU9PIfhs8a0in\nwAzGPVBtU+Mx98On564eygdz9tgD9/g8nUD9xO7ShnQl1nZejaqhJo+Ybjy4JIxu\ncfrrt2jw+3ctNIbZAZRG+SHg7R4Wp0XkQ8TpEIF1gkd2I7hLbZGml0hT9kTUkdis\nOVX99bl9IQKBgQCw5I2OHKabh5opBd4rpJtAoupYtHdH3wTtGk6FjEHWskXzT2Y2\nC7yOiVoUjFGFkZm/sWQoQxL1XMu0EPe7XpeBFUE1hSL0XnfKzpNuG354cH0ySFBX\naKJFmLBAAGwpIyLzeVYcxt9ikFtID/pIphQBbzMHLvmJ22LwiGZ9GyP69QKBgC1O\n9ZY/aWgTngRBqnMXUd7YpYDIT8xe7z9Osy5X/ILDRePzShUXXEMrafeZBeur36IW\nz9TWv5+PxRxLYiqY0egj3Qp/LzMGWrheZLzdH3jxXzXombOxW/ju9S1Dh3yxtRDe\n2jpgGHB5UhpoQ9yfi2ab7ZxaIZ0z+q/Ixr9fSrkhAoGAehIc5qJX0kGU3fwK2PSy\nCtiEarmKQMhOKtVjAloqq2+gskrv4FMW5YC07/wXZj+fG4Op1ac/vNG7J51kV1Lc\n+tepukSc35p37goBR0DCSlbDK1XuULSfv6kCSdk5HxFXL2eU7aXgEY5Tx9lXPV2j\nnuSL7HblayFRDDAsZtUpizM=\n-----END PRIVATE KEY-----\n",
            "public_key_fingerprint_md5": "d7:7d:ed:82:e8:de:60:0b:04:3b:c2:cc:5c:78:f8:05",
            "public_key_fingerprint_sha256": "SHA256:QP5TOLGO1SisPM3wqTbDtzhKib0oxdte1Bn2ndHL5go",
            "public_key_openssh": "ssh-rsa AAAAB3NzaC1yc2EAAAADAQABAAABAQCu6CyZ1Is3J0vcfgGTFXd1qqNTOJzFDvQZRyZfebg12B+7R+ow9XyUfGl7f1/YMCE2ynQmwtnWNwzl3eo0cwo2hBzfNIkwUp0ZHDOrt06IgIhWCACCzerNpGpIP1mEN/5kMVqYBYgcik90hFeRm2AQVYCo4IxenDnIv1Pf3/evC+FrKcsLIkdZAk/Ky+1hczxUkGj5reL65ylCAcnv9KsiwvsEoJfpwNSyxb34W8r8ZBVu36QV2pcPF0cCNjYDIDCrZ/Bz8CjBy11eJmURjJuFZPqGSsOMfcfE4baG39pB7SK1AbNjOrrLAAjIBuPZA0I1ln2xSTuFO3n4Z0FojY6d\n",
            "public_key_pem": "-----BEGIN PUBLIC KEY-----\nMIIBIjANBgkqhkiG9w0BAQEFAAOCAQ8AMIIBCgKCAQEArugsmdSLNydL3H4BkxV3\ndaqjUzicxQ70GUcmX3m4Ndgfu0fqMPV8lHxpe39f2DAhNsp0JsLZ1jcM5d3qNHMK\nNoQc3zSJMFKdGRwzq7dOiICIVggAgs3qzaRqSD9ZhDf+ZDFamAWIHIpPdIRXkZtg\nEFWAqOCMXpw5yL9T39/3rwvhaynLCyJHWQJPysvtYXM8VJBo+a3i+ucpQgHJ7/Sr\nIsL7BKCX6cDUssW9+FvK/GQVbt+kFdqXDxdHAjY2AyAwq2fwc/AowctdXiZlEYyb\nhWT6hkrDjH3HxOG2ht/aQe0itQGzYzq6ywAIyAbj2QNCNZZ9sUk7hTt5+GdBaI2O\nnQIDAQAB\n-----END PUBLIC KEY-----\n",
            "rsa_bits": 2048
          },
          "sensitive_attributes": [
            [
              {
                "type": "get_attr",
                "value": "private_key_openssh"
              }
            ],
            [
              {
                "type": "get_attr",
                "value": "private_key_pem"
              }
            ],
            [
              {
                "type": "get_attr",
                "value": "private_key_pem_pkcs8"
              }
            ]
          ]
        }
      ]
    }
  ],
  "check_results": null
}
